
Microsoft Visual Studio Solution File, Format Version 11.00
# Visual Studio 2010
Project("{FAE04EC0-301F-11D3-BF4B-00C04F79EFBC}") = "PlugInBE", "PlugInBE\PlugInBE.csproj", "{DB815F82-4098-417E-B3EF-7A135277DA92}"
EndProject
Project("{FAE04EC0-301F-11D3-BF4B-00C04F79EFBC}") = "PlugInUI", "PlugInUI\PlugInUI.csproj", "{550E60F9-E26B-4001-B0A5-3C9908DFE791}"
EndProject
Global
	GlobalSection(SolutionConfigurationPlatforms) = preSolution
		Debug|Any CPU = Debug|Any CPU
		Release|Any CPU = Release|Any CPU
	EndGlobalSection
	GlobalSection(ProjectConfigurationPlatforms) = postSolution
		{DB815F82-4098-417E-B3EF-7A135277DA92}.Debug|Any CPU.ActiveCfg = Debug|Any CPU
		{DB815F82-4098-417E-B3EF-7A135277DA92}.Debug|Any CPU.Build.0 = Debug|Any CPU
		{DB815F82-4098-417E-B3EF-7A135277DA92}.Release|Any CPU.ActiveCfg = Release|Any CPU
		{DB815F82-4098-417E-B3EF-7A135277DA92}.Release|Any CPU.Build.0 = Release|Any CPU
		{550E60F9-E26B-4001-B0A5-3C9908DFE791}.Debug|Any CPU.ActiveCfg = Debug|Any CPU
		{550E60F9-E26B-4001-B0A5-3C9908DFE791}.Debug|Any CPU.Build.0 = Debug|Any CPU
		{550E60F9-E26B-4001-B0A5-3C9908DFE791}.Release|Any CPU.ActiveCfg = Release|Any CPU
		{550E60F9-E26B-4001-B0A5-3C9908DFE791}.Release|Any CPU.Build.0 = Release|Any CPU
	EndGlobalSection
	GlobalSection(SolutionProperties) = preSolution
		HideSolutionNode = FALSE
	EndGlobalSection
EndGlobal
